
Microsoft Visual Studio Solution File, Format Version 12.00
# Visual Studio Version 17
VisualStudioVersion = 17.9.34714.143
MinimumVisualStudioVersion = 10.0.40219.1
Project("{FAE04EC0-301F-11D3-BF4B-00C04F79EFBC}") = "WebAPITracking", "WebAPITracking\WebAPITracking.csproj", "{CF2CD786-0867-4550-99FD-98435F7C5FFF}"
EndProject
Project("{FAE04EC0-301F-11D3-BF4B-00C04F79EFBC}") = "Business", "Business\Business.csproj", "{A1B1626A-9E81-4E47-BEBA-EE143A82C454}"
EndProject
Project("{FAE04EC0-301F-11D3-BF4B-00C04F79EFBC}") = "DataAccess", "DataAccess\DataAccess.csproj", "{AF7ECC31-7144-447E-91E7-FC0EE2FC8848}"
EndProject
Project("{FAE04EC0-301F-11D3-BF4B-00C04F79EFBC}") = "Entities", "Entities\Entities.csproj", "{80B3F7D7-3BFE-4A88-9F0A-1C6F66A8E5C7}"
EndProject
Project("{FAE04EC0-301F-11D3-BF4B-00C04F79EFBC}") = "Core", "Core\Core.csproj", "{B829B940-5FAE-4D9B-9B5A-6E0F458FA087}"
EndProject
Global
	GlobalSection(SolutionConfigurationPlatforms) = preSolution
		Debug|Any CPU = Debug|Any CPU
		Release|Any CPU = Release|Any CPU
	EndGlobalSection
	GlobalSection(ProjectConfigurationPlatforms) = postSolution
		{CF2CD786-0867-4550-99FD-98435F7C5FFF}.Debug|Any CPU.ActiveCfg = Debug|Any CPU
		{CF2CD786-0867-4550-99FD-98435F7C5FFF}.Debug|Any CPU.Build.0 = Debug|Any CPU
		{CF2CD786-0867-4550-99FD-98435F7C5FFF}.Release|Any CPU.ActiveCfg = Release|Any CPU
		{CF2CD786-0867-4550-99FD-98435F7C5FFF}.Release|Any CPU.Build.0 = Release|Any CPU
		{A1B1626A-9E81-4E47-BEBA-EE143A82C454}.Debug|Any CPU.ActiveCfg = Debug|Any CPU
		{A1B1626A-9E81-4E47-BEBA-EE143A82C454}.Debug|Any CPU.Build.0 = Debug|Any CPU
		{A1B1626A-9E81-4E47-BEBA-EE143A82C454}.Release|Any CPU.ActiveCfg = Release|Any CPU
		{A1B1626A-9E81-4E47-BEBA-EE143A82C454}.Release|Any CPU.Build.0 = Release|Any CPU
		{AF7ECC31-7144-447E-91E7-FC0EE2FC8848}.Debug|Any CPU.ActiveCfg = Debug|Any CPU
		{AF7ECC31-7144-447E-91E7-FC0EE2FC8848}.Debug|Any CPU.Build.0 = Debug|Any CPU
		{AF7ECC31-7144-447E-91E7-FC0EE2FC8848}.Release|Any CPU.ActiveCfg = Release|Any CPU
		{AF7ECC31-7144-447E-91E7-FC0EE2FC8848}.Release|Any CPU.Build.0 = Release|Any CPU
		{80B3F7D7-3BFE-4A88-9F0A-1C6F66A8E5C7}.Debug|Any CPU.ActiveCfg = Debug|Any CPU
		{80B3F7D7-3BFE-4A88-9F0A-1C6F66A8E5C7}.Debug|Any CPU.Build.0 = Debug|Any CPU
		{80B3F7D7-3BFE-4A88-9F0A-1C6F66A8E5C7}.Release|Any CPU.ActiveCfg = Release|Any CPU
		{80B3F7D7-3BFE-4A88-9F0A-1C6F66A8E5C7}.Release|Any CPU.Build.0 = Release|Any CPU
		{B829B940-5FAE-4D9B-9B5A-6E0F458FA087}.Debug|Any CPU.ActiveCfg = Debug|Any CPU
		{B829B940-5FAE-4D9B-9B5A-6E0F458FA087}.Debug|Any CPU.Build.0 = Debug|Any CPU
		{B829B940-5FAE-4D9B-9B5A-6E0F458FA087}.Release|Any CPU.ActiveCfg = Release|Any CPU
		{B829B940-5FAE-4D9B-9B5A-6E0F458FA087}.Release|Any CPU.Build.0 = Release|Any CPU
	EndGlobalSection
	GlobalSection(SolutionProperties) = preSolution
		HideSolutionNode = FALSE
	EndGlobalSection
	GlobalSection(ExtensibilityGlobals) = postSolution
		SolutionGuid = {E416650F-B592-4ADD-BB4C-BCCCCCC33F68}
	EndGlobalSection
EndGlobal
